
Microsoft Visual Studio Solution File, Format Version 12.00
# Visual Studio Version 17
VisualStudioVersion = 17.6.33829.357
MinimumVisualStudioVersion = 10.0.40219.1
Project("{FAE04EC0-301F-11D3-BF4B-00C04F79EFBC}") = "ScreenSound", "ScreenSound\ScreenSound.csproj", "{248EB94D-07A8-45DF-8A0C-D2675117DCE8}"
EndProject
Global
	GlobalSection(SolutionConfigurationPlatforms) = preSolution
		Debug|Any CPU = Debug|Any CPU
		Release|Any CPU = Release|Any CPU
	EndGlobalSection
	GlobalSection(ProjectConfigurationPlatforms) = postSolution
		{248EB94D-07A8-45DF-8A0C-D2675117DCE8}.Debug|Any CPU.ActiveCfg = Debug|Any CPU
		{248EB94D-07A8-45DF-8A0C-D2675117DCE8}.Debug|Any CPU.Build.0 = Debug|Any CPU
		{248EB94D-07A8-45DF-8A0C-D2675117DCE8}.Release|Any CPU.ActiveCfg = Release|Any CPU
		{248EB94D-07A8-45DF-8A0C-D2675117DCE8}.Release|Any CPU.Build.0 = Release|Any CPU
	EndGlobalSection
	GlobalSection(SolutionProperties) = preSolution
		HideSolutionNode = FALSE
	EndGlobalSection
	GlobalSection(ExtensibilityGlobals) = postSolution
		SolutionGuid = {216405C6-A9FA-464C-867B-ACA4692289EB}
	EndGlobalSection
EndGlobal
